// !$*UTF8*$!
{
	archiveVersion = 1;
	classes = {
	};
	objectVersion = 50;
	objects = {

/* Begin PBXBuildFile section */
		6BA9BCCC209370A20027CB10 /* AppDelegate.swift in Sources */ = {isa = PBXBuildFile; fileRef = 6BA9BCCB209370A20027CB10 /* AppDelegate.swift */; };
		6BA9BCCE209370A20027CB10 /* HomeViewController.swift in Sources */ = {isa = PBXBuildFile; fileRef = 6BA9BCCD209370A20027CB10 /* HomeViewController.swift */; };
		6BA9BCD1209370A20027CB10 /* Main.storyboard in Resources */ = {isa = PBXBuildFile; fileRef = 6BA9BCCF209370A20027CB10 /* Main.storyboard */; };
		6BA9BCD4209370A20027CB10 /* Houseperfect.xcdatamodeld in Sources */ = {isa = PBXBuildFile; fileRef = 6BA9BCD2209370A20027CB10 /* Houseperfect.xcdatamodeld */; };
		6BA9BCD6209370A40027CB10 /* Assets.xcassets in Resources */ = {isa = PBXBuildFile; fileRef = 6BA9BCD5209370A40027CB10 /* Assets.xcassets */; };
		6BA9BCD9209370A40027CB10 /* LaunchScreen.storyboard in Resources */ = {isa = PBXBuildFile; fileRef = 6BA9BCD7209370A40027CB10 /* LaunchScreen.storyboard */; };
		6BA9BCE4209370A40027CB10 /* HouseperfectTests.swift in Sources */ = {isa = PBXBuildFile; fileRef = 6BA9BCE3209370A40027CB10 /* HouseperfectTests.swift */; };
		6BA9BCEF209370A40027CB10 /* HouseperfectUITests.swift in Sources */ = {isa = PBXBuildFile; fileRef = 6BA9BCEE209370A40027CB10 /* HouseperfectUITests.swift */; };
		6BA9BD0B209379560027CB10 /* Lato-BoldItalic.ttf in Resources */ = {isa = PBXBuildFile; fileRef = 6BA9BD01209379530027CB10 /* Lato-BoldItalic.ttf */; };
		6BA9BD0C209379560027CB10 /* Lato-Light.ttf in Resources */ = {isa = PBXBuildFile; fileRef = 6BA9BD02209379540027CB10 /* Lato-Light.ttf */; };
		6BA9BD0D209379560027CB10 /* Lato-BlackItalic.ttf in Resources */ = {isa = PBXBuildFile; fileRef = 6BA9BD03209379540027CB10 /* Lato-BlackItalic.ttf */; };
		6BA9BD0E209379560027CB10 /* Lato-Italic.ttf in Resources */ = {isa = PBXBuildFile; fileRef = 6BA9BD04209379540027CB10 /* Lato-Italic.ttf */; };
		6BA9BD0F209379560027CB10 /* Lato-Black.ttf in Resources */ = {isa = PBXBuildFile; fileRef = 6BA9BD05209379540027CB10 /* Lato-Black.ttf */; };
		6BA9BD10209379560027CB10 /* Lato-LightItalic.ttf in Resources */ = {isa = PBXBuildFile; fileRef = 6BA9BD06209379550027CB10 /* Lato-LightItalic.ttf */; };
		6BA9BD11209379560027CB10 /* Lato-Regular.ttf in Resources */ = {isa = PBXBuildFile; fileRef = 6BA9BD07209379550027CB10 /* Lato-Regular.ttf */; };
		6BA9BD12209379560027CB10 /* Lato-HairlineItalic.ttf in Resources */ = {isa = PBXBuildFile; fileRef = 6BA9BD08209379550027CB10 /* Lato-HairlineItalic.ttf */; };
		6BA9BD13209379560027CB10 /* Lato-Hairline.ttf in Resources */ = {isa = PBXBuildFile; fileRef = 6BA9BD09209379550027CB10 /* Lato-Hairline.ttf */; };
		6BA9BD14209379560027CB10 /* Lato-Bold.ttf in Resources */ = {isa = PBXBuildFile; fileRef = 6BA9BD0A209379550027CB10 /* Lato-Bold.ttf */; };
		6BA9BD1820942B2E0027CB10 /* FeaturedCollectionViewCell.xib in Resources */ = {isa = PBXBuildFile; fileRef = 6BA9BD1720942B2E0027CB10 /* FeaturedCollectionViewCell.xib */; };
		6BA9BD1A20942E7C0027CB10 /* HomeCollectionViewCell.xib in Resources */ = {isa = PBXBuildFile; fileRef = 6BA9BD1920942E7C0027CB10 /* HomeCollectionViewCell.xib */; };
		6BA9BD1C209432A00027CB10 /* HomeTableViewCell.swift in Sources */ = {isa = PBXBuildFile; fileRef = 6BA9BD1B209432A00027CB10 /* HomeTableViewCell.swift */; };
		6BA9BD1E209436B30027CB10 /* HomeCollectionViewCell.swift in Sources */ = {isa = PBXBuildFile; fileRef = 6BA9BD1D209436B30027CB10 /* HomeCollectionViewCell.swift */; };
		6BA9BD242094428D0027CB10 /* HomePageViewModel.swift in Sources */ = {isa = PBXBuildFile; fileRef = 6BA9BD232094428D0027CB10 /* HomePageViewModel.swift */; };
		6BA9BD26209444ED0027CB10 /* HomePageModel.swift in Sources */ = {isa = PBXBuildFile; fileRef = 6BA9BD25209444ED0027CB10 /* HomePageModel.swift */; };
/* End PBXBuildFile section */

/* Begin PBXContainerItemProxy section */
		6BA9BCE0209370A40027CB10 /* PBXContainerItemProxy */ = {
			isa = PBXContainerItemProxy;
			containerPortal = 6BA9BCC0209370A20027CB10 /* Project object */;
			proxyType = 1;
			remoteGlobalIDString = 6BA9BCC7209370A20027CB10;
			remoteInfo = Houseperfect;
		};
		6BA9BCEB209370A40027CB10 /* PBXContainerItemProxy */ = {
			isa = PBXContainerItemProxy;
			containerPortal = 6BA9BCC0209370A20027CB10 /* Project object */;
			proxyType = 1;
			remoteGlobalIDString = 6BA9BCC7209370A20027CB10;
			remoteInfo = Houseperfect;
		};
/* End PBXContainerItemProxy section */

/* Begin PBXFileReference section */
		6BA9BCC8209370A20027CB10 /* Houseperfect.app */ = {isa = PBXFileReference; explicitFileType = wrapper.application; includeInIndex = 0; path = Houseperfect.app; sourceTree = BUILT_PRODUCTS_DIR; };
		6BA9BCCB209370A20027CB10 /* AppDelegate.swift */ = {isa = PBXFileReference; lastKnownFileType = sourcecode.swift; path = AppDelegate.swift; sourceTree = "<group>"; };
		6BA9BCCD209370A20027CB10 /* HomeViewController.swift */ = {isa = PBXFileReference; lastKnownFileType = sourcecode.swift; path = HomeViewController.swift; sourceTree = "<group>"; };
		6BA9BCD0209370A20027CB10 /* Base */ = {isa = PBXFileReference; lastKnownFileType = file.storyboard; name = Base; path = Base.lproj/Main.storyboard; sourceTree = "<group>"; };
		6BA9BCD3209370A20027CB10 /* Houseperfect.xcdatamodel */ = {isa = PBXFileReference; lastKnownFileType = wrapper.xcdatamodel; path = Houseperfect.xcdatamodel; sourceTree = "<group>"; };
		6BA9BCD5209370A40027CB10 /* Assets.xcassets */ = {isa = PBXFileReference; lastKnownFileType = folder.assetcatalog; path = Assets.xcassets; sourceTree = "<group>"; };
		6BA9BCD8209370A40027CB10 /* Base */ = {isa = PBXFileReference; lastKnownFileType = file.storyboard; name = Base; path = Base.lproj/LaunchScreen.storyboard; sourceTree = "<group>"; };
		6BA9BCDA209370A40027CB10 /* Info.plist */ = {isa = PBXFileReference; lastKnownFileType = text.plist.xml; path = Info.plist; sourceTree = "<group>"; };
		6BA9BCDF209370A40027CB10 /* HouseperfectTests.xctest */ = {isa = PBXFileReference; explicitFileType = wrapper.cfbundle; includeInIndex = 0; path = HouseperfectTests.xctest; sourceTree = BUILT_PRODUCTS_DIR; };
		6BA9BCE3209370A40027CB10 /* HouseperfectTests.swift */ = {isa = PBXFileReference; lastKnownFileType = sourcecode.swift; path = HouseperfectTests.swift; sourceTree = "<group>"; };
		6BA9BCE5209370A40027CB10 /* Info.plist */ = {isa = PBXFileReference; lastKnownFileType = text.plist.xml; path = Info.plist; sourceTree = "<group>"; };
		6BA9BCEA209370A40027CB10 /* HouseperfectUITests.xctest */ = {isa = PBXFileReference; explicitFileType = wrapper.cfbundle; includeInIndex = 0; path = HouseperfectUITests.xctest; sourceTree = BUILT_PRODUCTS_DIR; };
		6BA9BCEE209370A40027CB10 /* HouseperfectUITests.swift */ = {isa = PBXFileReference; lastKnownFileType = sourcecode.swift; path = HouseperfectUITests.swift; sourceTree = "<group>"; };
		6BA9BCF0209370A40027CB10 /* Info.plist */ = {isa = PBXFileReference; lastKnownFileType = text.plist.xml; path = Info.plist; sourceTree = "<group>"; };
		6BA9BD01209379530027CB10 /* Lato-BoldItalic.ttf */ = {isa = PBXFileReference; lastKnownFileType = file; path = "Lato-BoldItalic.ttf"; sourceTree = "<group>"; };
		6BA9BD02209379540027CB10 /* Lato-Light.ttf */ = {isa = PBXFileReference; lastKnownFileType = file; path = "Lato-Light.ttf"; sourceTree = "<group>"; };
		6BA9BD03209379540027CB10 /* Lato-BlackItalic.ttf */ = {isa = PBXFileReference; lastKnownFileType = file; path = "Lato-BlackItalic.ttf"; sourceTree = "<group>"; };
		6BA9BD04209379540027CB10 /* Lato-Italic.ttf */ = {isa = PBXFileReference; lastKnownFileType = file; path = "Lato-Italic.ttf"; sourceTree = "<group>"; };
		6BA9BD05209379540027CB10 /* Lato-Black.ttf */ = {isa = PBXFileReference; lastKnownFileType = file; path = "Lato-Black.ttf"; sourceTree = "<group>"; };
		6BA9BD06209379550027CB10 /* Lato-LightItalic.ttf */ = {isa = PBXFileReference; lastKnownFileType = file; path = "Lato-LightItalic.ttf"; sourceTree = "<group>"; };
		6BA9BD07209379550027CB10 /* Lato-Regular.ttf */ = {isa = PBXFileReference; lastKnownFileType = file; path = "Lato-Regular.ttf"; sourceTree = "<group>"; };
		6BA9BD08209379550027CB10 /* Lato-HairlineItalic.ttf */ = {isa = PBXFileReference; lastKnownFileType = file; path = "Lato-HairlineItalic.ttf"; sourceTree = "<group>"; };
		6BA9BD09209379550027CB10 /* Lato-Hairline.ttf */ = {isa = PBXFileReference; lastKnownFileType = file; path = "Lato-Hairline.ttf"; sourceTree = "<group>"; };
		6BA9BD0A209379550027CB10 /* Lato-Bold.ttf */ = {isa = PBXFileReference; lastKnownFileType = file; path = "Lato-Bold.ttf"; sourceTree = "<group>"; };
		6BA9BD1720942B2E0027CB10 /* FeaturedCollectionViewCell.xib */ = {isa = PBXFileReference; lastKnownFileType = file.xib; path = FeaturedCollectionViewCell.xib; sourceTree = "<group>"; };
		6BA9BD1920942E7C0027CB10 /* HomeCollectionViewCell.xib */ = {isa = PBXFileReference; lastKnownFileType = file.xib; path = HomeCollectionViewCell.xib; sourceTree = "<group>"; };
		6BA9BD1B209432A00027CB10 /* HomeTableViewCell.swift */ = {isa = PBXFileReference; lastKnownFileType = sourcecode.swift; path = HomeTableViewCell.swift; sourceTree = "<group>"; };
		6BA9BD1D209436B30027CB10 /* HomeCollectionViewCell.swift */ = {isa = PBXFileReference; lastKnownFileType = sourcecode.swift; path = HomeCollectionViewCell.swift; sourceTree = "<group>"; };
		6BA9BD232094428D0027CB10 /* HomePageViewModel.swift */ = {isa = PBXFileReference; lastKnownFileType = sourcecode.swift; path = HomePageViewModel.swift; sourceTree = "<group>"; };
		6BA9BD25209444ED0027CB10 /* HomePageModel.swift */ = {isa = PBXFileReference; lastKnownFileType = sourcecode.swift; path = HomePageModel.swift; sourceTree = "<group>"; };
/* End PBXFileReference section */

/* Begin PBXFrameworksBuildPhase section */
		6BA9BCC5209370A20027CB10 /* Frameworks */ = {
			isa = PBXFrameworksBuildPhase;
			buildActionMask = 2147483647;
			files = (
			);
			runOnlyForDeploymentPostprocessing = 0;
		};
		6BA9BCDC209370A40027CB10 /* Frameworks */ = {
			isa = PBXFrameworksBuildPhase;
			buildActionMask = 2147483647;
			files = (
			);
			runOnlyForDeploymentPostprocessing = 0;
		};
		6BA9BCE7209370A40027CB10 /* Frameworks */ = {
			isa = PBXFrameworksBuildPhase;
			buildActionMask = 2147483647;
			files = (
			);
			runOnlyForDeploymentPostprocessing = 0;
		};
/* End PBXFrameworksBuildPhase section */

/* Begin PBXGroup section */
		6BA9BCBF209370A20027CB10 = {
			isa = PBXGroup;
			children = (
				6BA9BCCA209370A20027CB10 /* Houseperfect */,
				6BA9BCE2209370A40027CB10 /* HouseperfectTests */,
				6BA9BCED209370A40027CB10 /* HouseperfectUITests */,
				6BA9BCC9209370A20027CB10 /* Products */,
			);
			sourceTree = "<group>";
		};
		6BA9BCC9209370A20027CB10 /* Products */ = {
			isa = PBXGroup;
			children = (
				6BA9BCC8209370A20027CB10 /* Houseperfect.app */,
				6BA9BCDF209370A40027CB10 /* HouseperfectTests.xctest */,
				6BA9BCEA209370A40027CB10 /* HouseperfectUITests.xctest */,
			);
			name = Products;
			sourceTree = "<group>";
		};
		6BA9BCCA209370A20027CB10 /* Houseperfect */ = {
			isa = PBXGroup;
			children = (
				6BA9BD1520942AD40027CB10 /* HomeViewController */,
				6BA9BCCF209370A20027CB10 /* Main.storyboard */,
				6BA9BCD5209370A40027CB10 /* Assets.xcassets */,
				6BA9BCCB209370A20027CB10 /* AppDelegate.swift */,
				6BA9BD00209379360027CB10 /* Fonts */,
				6BA9BCD7209370A40027CB10 /* LaunchScreen.storyboard */,
				6BA9BCDA209370A40027CB10 /* Info.plist */,
				6BA9BCD2209370A20027CB10 /* Houseperfect.xcdatamodeld */,
			);
			path = Houseperfect;
			sourceTree = "<group>";
		};
		6BA9BCE2209370A40027CB10 /* HouseperfectTests */ = {
			isa = PBXGroup;
			children = (
				6BA9BCE3209370A40027CB10 /* HouseperfectTests.swift */,
				6BA9BCE5209370A40027CB10 /* Info.plist */,
			);
			path = HouseperfectTests;
			sourceTree = "<group>";
		};
		6BA9BCED209370A40027CB10 /* HouseperfectUITests */ = {
			isa = PBXGroup;
			children = (
				6BA9BCEE209370A40027CB10 /* HouseperfectUITests.swift */,
				6BA9BCF0209370A40027CB10 /* Info.plist */,
			);
			path = HouseperfectUITests;
			sourceTree = "<group>";
		};
		6BA9BD00209379360027CB10 /* Fonts */ = {
			isa = PBXGroup;
			children = (
				6BA9BD05209379540027CB10 /* Lato-Black.ttf */,
				6BA9BD03209379540027CB10 /* Lato-BlackItalic.ttf */,
				6BA9BD0A209379550027CB10 /* Lato-Bold.ttf */,
				6BA9BD01209379530027CB10 /* Lato-BoldItalic.ttf */,
				6BA9BD09209379550027CB10 /* Lato-Hairline.ttf */,
				6BA9BD08209379550027CB10 /* Lato-HairlineItalic.ttf */,
				6BA9BD04209379540027CB10 /* Lato-Italic.ttf */,
				6BA9BD02209379540027CB10 /* Lato-Light.ttf */,
				6BA9BD06209379550027CB10 /* Lato-LightItalic.ttf */,
				6BA9BD07209379550027CB10 /* Lato-Regular.ttf */,
			);
			path = Fonts;
			sourceTree = "<group>";
		};
		6BA9BD1520942AD40027CB10 /* HomeViewController */ = {
			isa = PBXGroup;
			children = (
				6BA9BCCD209370A20027CB10 /* HomeViewController.swift */,
				6BA9BD1F2094418D0027CB10 /* Model */,
				6BA9BD22209442470027CB10 /* ViewModel */,
				6BA9BD1620942B130027CB10 /* View */,
			);
			path = HomeViewController;
			sourceTree = "<group>";
		};
		6BA9BD1620942B130027CB10 /* View */ = {
			isa = PBXGroup;
			children = (
				6BA9BD1720942B2E0027CB10 /* FeaturedCollectionViewCell.xib */,
				6BA9BD1920942E7C0027CB10 /* HomeCollectionViewCell.xib */,
				6BA9BD1B209432A00027CB10 /* HomeTableViewCell.swift */,
				6BA9BD1D209436B30027CB10 /* HomeCollectionViewCell.swift */,
			);
			path = View;
			sourceTree = "<group>";
		};
		6BA9BD1F2094418D0027CB10 /* Model */ = {
			isa = PBXGroup;
			children = (
				6BA9BD25209444ED0027CB10 /* HomePageModel.swift */,
			);
			path = Model;
			sourceTree = "<group>";
		};
		6BA9BD22209442470027CB10 /* ViewModel */ = {
			isa = PBXGroup;
			children = (
				6BA9BD232094428D0027CB10 /* HomePageViewModel.swift */,
			);
			path = ViewModel;
			sourceTree = "<group>";
		};
/* End PBXGroup section */

/* Begin PBXNativeTarget section */
		6BA9BCC7209370A20027CB10 /* Houseperfect */ = {
			isa = PBXNativeTarget;
			buildConfigurationList = 6BA9BCF3209370A40027CB10 /* Build configuration list for PBXNativeTarget "Houseperfect" */;
			buildPhases = (
				6BA9BCC4209370A20027CB10 /* Sources */,
				6BA9BCC5209370A20027CB10 /* Frameworks */,
				6BA9BCC6209370A20027CB10 /* Resources */,
			);
			buildRules = (
			);
			dependencies = (
			);
			name = Houseperfect;
			productName = Houseperfect;
			productReference = 6BA9BCC8209370A20027CB10 /* Houseperfect.app */;
			productType = "com.apple.product-type.application";
		};
		6BA9BCDE209370A40027CB10 /* HouseperfectTests */ = {
			isa = PBXNativeTarget;
			buildConfigurationList = 6BA9BCF6209370A40027CB10 /* Build configuration list for PBXNativeTarget "HouseperfectTests" */;
			buildPhases = (
				6BA9BCDB209370A40027CB10 /* Sources */,
				6BA9BCDC209370A40027CB10 /* Frameworks */,
				6BA9BCDD209370A40027CB10 /* Resources */,
			);
			buildRules = (
			);
			dependencies = (
				6BA9BCE1209370A40027CB10 /* PBXTargetDependency */,
			);
			name = HouseperfectTests;
			productName = HouseperfectTests;
			productReference = 6BA9BCDF209370A40027CB10 /* HouseperfectTests.xctest */;
			productType = "com.apple.product-type.bundle.unit-test";
		};
		6BA9BCE9209370A40027CB10 /* HouseperfectUITests */ = {
			isa = PBXNativeTarget;
			buildConfigurationList = 6BA9BCF9209370A40027CB10 /* Build configuration list for PBXNativeTarget "HouseperfectUITests" */;
			buildPhases = (
				6BA9BCE6209370A40027CB10 /* Sources */,
				6BA9BCE7209370A40027CB10 /* Frameworks */,
				6BA9BCE8209370A40027CB10 /* Resources */,
			);
			buildRules = (
			);
			dependencies = (
				6BA9BCEC209370A40027CB10 /* PBXTargetDependency */,
			);
			name = HouseperfectUITests;
			productName = HouseperfectUITests;
			productReference = 6BA9BCEA209370A40027CB10 /* HouseperfectUITests.xctest */;
			productType = "com.apple.product-type.bundle.ui-testing";
		};
/* End PBXNativeTarget section */

/* Begin PBXProject section */
		6BA9BCC0209370A20027CB10 /* Project object */ = {
			isa = PBXProject;
			attributes = {
				LastSwiftUpdateCheck = 0930;
				LastUpgradeCheck = 0930;
				ORGANIZATIONNAME = "Aashish Adhikari";
				TargetAttributes = {
					6BA9BCC7209370A20027CB10 = {
						CreatedOnToolsVersion = 9.3;
					};
					6BA9BCDE209370A40027CB10 = {
						CreatedOnToolsVersion = 9.3;
						TestTargetID = 6BA9BCC7209370A20027CB10;
					};
					6BA9BCE9209370A40027CB10 = {
						CreatedOnToolsVersion = 9.3;
						TestTargetID = 6BA9BCC7209370A20027CB10;
					};
				};
			};
			buildConfigurationList = 6BA9BCC3209370A20027CB10 /* Build configuration list for PBXProject "Houseperfect" */;
			compatibilityVersion = "Xcode 9.3";
			developmentRegion = en;
			hasScannedForEncodings = 0;
			knownRegions = (
				en,
				Base,
			);
			mainGroup = 6BA9BCBF209370A20027CB10;
			productRefGroup = 6BA9BCC9209370A20027CB10 /* Products */;
			projectDirPath = "";
			projectRoot = "";
			targets = (
				6BA9BCC7209370A20027CB10 /* Houseperfect */,
				6BA9BCDE209370A40027CB10 /* HouseperfectTests */,
				6BA9BCE9209370A40027CB10 /* HouseperfectUITests */,
			);
		};
/* End PBXProject section */

/* Begin PBXResourcesBuildPhase section */
		6BA9BCC6209370A20027CB10 /* Resources */ = {
			isa = PBXResourcesBuildPhase;
			buildActionMask = 2147483647;
			files = (
				6BA9BD0C209379560027CB10 /* Lato-Light.ttf in Resources */,
				6BA9BD0E209379560027CB10 /* Lato-Italic.ttf in Resources */,
				6BA9BD13209379560027CB10 /* Lato-Hairline.ttf in Resources */,
				6BA9BCD9209370A40027CB10 /* LaunchScreen.storyboard in Resources */,
				6BA9BD0D209379560027CB10 /* Lato-BlackItalic.ttf in Resources */,
				6BA9BD14209379560027CB10 /* Lato-Bold.ttf in Resources */,
				6BA9BD0F209379560027CB10 /* Lato-Black.ttf in Resources */,
				6BA9BCD6209370A40027CB10 /* Assets.xcassets in Resources */,
				6BA9BD1820942B2E0027CB10 /* FeaturedCollectionViewCell.xib in Resources */,
				6BA9BD12209379560027CB10 /* Lato-HairlineItalic.ttf in Resources */,
				6BA9BD1A20942E7C0027CB10 /* HomeCollectionViewCell.xib in Resources */,
				6BA9BCD1209370A20027CB10 /* Main.storyboard in Resources */,
				6BA9BD11209379560027CB10 /* Lato-Regular.ttf in Resources */,
				6BA9BD10209379560027CB10 /* Lato-LightItalic.ttf in Resources */,
				6BA9BD0B209379560027CB10 /* Lato-BoldItalic.ttf in Resources */,
			);
			runOnlyForDeploymentPostprocessing = 0;
		};
		6BA9BCDD209370A40027CB10 /* Resources */ = {
			isa = PBXResourcesBuildPhase;
			buildActionMask = 2147483647;
			files = (
			);
			runOnlyForDeploymentPostprocessing = 0;
		};
		6BA9BCE8209370A40027CB10 /* Resources */ = {
			isa = PBXResourcesBuildPhase;
			buildActionMask = 2147483647;
			files = (
			);
			runOnlyForDeploymentPostprocessing = 0;
		};
/* End PBXResourcesBuildPhase section */

/* Begin PBXSourcesBuildPhase section */
		6BA9BCC4209370A20027CB10 /* Sources */ = {
			isa = PBXSourcesBuildPhase;
			buildActionMask = 2147483647;
			files = (
				6BA9BD26209444ED0027CB10 /* HomePageModel.swift in Sources */,
				6BA9BCD4209370A20027CB10 /* Houseperfect.xcdatamodeld in Sources */,
				6BA9BD1C209432A00027CB10 /* HomeTableViewCell.swift in Sources */,
				6BA9BD242094428D0027CB10 /* HomePageViewModel.swift in Sources */,
				6BA9BCCE209370A20027CB10 /* HomeViewController.swift in Sources */,
				6BA9BCCC209370A20027CB10 /* AppDelegate.swift in Sources */,
				6BA9BD1E209436B30027CB10 /* HomeCollectionViewCell.swift in Sources */,
			);
			runOnlyForDeploymentPostprocessing = 0;
		};
		6BA9BCDB209370A40027CB10 /* Sources */ = {
			isa = PBXSourcesBuildPhase;
			buildActionMask = 2147483647;
			files = (
				6BA9BCE4209370A40027CB10 /* HouseperfectTests.swift in Sources */,
			);
			runOnlyForDeploymentPostprocessing = 0;
		};
		6BA9BCE6209370A40027CB10 /* Sources */ = {
			isa = PBXSourcesBuildPhase;
			buildActionMask = 2147483647;
			files = (
				6BA9BCEF209370A40027CB10 /* HouseperfectUITests.swift in Sources */,
			);
			runOnlyForDeploymentPostprocessing = 0;
		};
/* End PBXSourcesBuildPhase section */

/* Begin PBXTargetDependency section */
		6BA9BCE1209370A40027CB10 /* PBXTargetDependency */ = {
			isa = PBXTargetDependency;
			target = 6BA9BCC7209370A20027CB10 /* Houseperfect */;
			targetProxy = 6BA9BCE0209370A40027CB10 /* PBXContainerItemProxy */;
		};
		6BA9BCEC209370A40027CB10 /* PBXTargetDependency */ = {
			isa = PBXTargetDependency;
			target = 6BA9BCC7209370A20027CB10 /* Houseperfect */;
			targetProxy = 6BA9BCEB209370A40027CB10 /* PBXContainerItemProxy */;
		};
/* End PBXTargetDependency section */

/* Begin PBXVariantGroup section */
		6BA9BCCF209370A20027CB10 /* Main.storyboard */ = {
			isa = PBXVariantGroup;
			children = (
				6BA9BCD0209370A20027CB10 /* Base */,
			);
			name = Main.storyboard;
			sourceTree = "<group>";
		};
		6BA9BCD7209370A40027CB10 /* LaunchScreen.storyboard */ = {
			isa = PBXVariantGroup;
			children = (
				6BA9BCD8209370A40027CB10 /* Base */,
			);
			name = LaunchScreen.storyboard;
			sourceTree = "<group>";
		};
/* End PBXVariantGroup section */

/* Begin XCBuildConfiguration section */
		6BA9BCF1209370A40027CB10 /* Debug */ = {
			isa = XCBuildConfiguration;
			buildSettings = {
				ALWAYS_SEARCH_USER_PATHS = NO;
				CLANG_ANALYZER_NONNULL = YES;
				CLANG_ANALYZER_NUMBER_OBJECT_CONVERSION = YES_AGGRESSIVE;
				CLANG_CXX_LANGUAGE_STANDARD = "gnu++14";
				CLANG_CXX_LIBRARY = "libc++";
				CLANG_ENABLE_MODULES = YES;
				CLANG_ENABLE_OBJC_ARC = YES;
				CLANG_ENABLE_OBJC_WEAK = YES;
				CLANG_WARN_BLOCK_CAPTURE_AUTORELEASING = YES;
				CLANG_WARN_BOOL_CONVERSION = YES;
				CLANG_WARN_COMMA = YES;
				CLANG_WARN_CONSTANT_CONVERSION = YES;
				CLANG_WARN_DEPRECATED_OBJC_IMPLEMENTATIONS = YES;
				CLANG_WARN_DIRECT_OBJC_ISA_USAGE = YES_ERROR;
				CLANG_WARN_DOCUMENTATION_COMMENTS = YES;
				CLANG_WARN_EMPTY_BODY = YES;
				CLANG_WARN_ENUM_CONVERSION = YES;
				CLANG_WARN_INFINITE_RECURSION = YES;
				CLANG_WARN_INT_CONVERSION = YES;
				CLANG_WARN_NON_LITERAL_NULL_CONVERSION = YES;
				CLANG_WARN_OBJC_IMPLICIT_RETAIN_SELF = YES;
				CLANG_WARN_OBJC_LITERAL_CONVERSION = YES;
				CLANG_WARN_OBJC_ROOT_CLASS = YES_ERROR;
				CLANG_WARN_RANGE_LOOP_ANALYSIS = YES;
				CLANG_WARN_STRICT_PROTOTYPES = YES;
				CLANG_WARN_SUSPICIOUS_MOVE = YES;
				CLANG_WARN_UNGUARDED_AVAILABILITY = YES_AGGRESSIVE;
				CLANG_WARN_UNREACHABLE_CODE = YES;
				CLANG_WARN__DUPLICATE_METHOD_MATCH = YES;
				CODE_SIGN_IDENTITY = "iPhone Developer";
				COPY_PHASE_STRIP = NO;
				DEBUG_INFORMATION_FORMAT = dwarf;
				ENABLE_STRICT_OBJC_MSGSEND = YES;
				ENABLE_TESTABILITY = YES;
				GCC_C_LANGUAGE_STANDARD = gnu11;
				GCC_DYNAMIC_NO_PIC = NO;
				GCC_NO_COMMON_BLOCKS = YES;
				GCC_OPTIMIZATION_LEVEL = 0;
				GCC_PREPROCESSOR_DEFINITIONS = (
					"DEBUG=1",
					"$(inherited)",
				);
				GCC_WARN_64_TO_32_BIT_CONVERSION = YES;
				GCC_WARN_ABOUT_RETURN_TYPE = YES_ERROR;
				GCC_WARN_UNDECLARED_SELECTOR = YES;
				GCC_WARN_UNINITIALIZED_AUTOS = YES_AGGRESSIVE;
				GCC_WARN_UNUSED_FUNCTION = YES;
				GCC_WARN_UNUSED_VARIABLE = YES;
				IPHONEOS_DEPLOYMENT_TARGET = 11.3;
				MTL_ENABLE_DEBUG_INFO = YES;
				ONLY_ACTIVE_ARCH = YES;
				SDKROOT = iphoneos;
				SWIFT_ACTIVE_COMPILATION_CONDITIONS = DEBUG;
				SWIFT_OPTIMIZATION_LEVEL = "-Onone";
			};
			name = Debug;
		};
		6BA9BCF2209370A40027CB10 /* Release */ = {
			isa = XCBuildConfiguration;
			buildSettings = {
				ALWAYS_SEARCH_USER_PATHS = NO;
				CLANG_ANALYZER_NONNULL = YES;
				CLANG_ANALYZER_NUMBER_OBJECT_CONVERSION = YES_AGGRESSIVE;
				CLANG_CXX_LANGUAGE_STANDARD = "gnu++14";
				CLANG_CXX_LIBRARY = "libc++";
				CLANG_ENABLE_MODULES = YES;
				CLANG_ENABLE_OBJC_ARC = YES;
				CLANG_ENABLE_OBJC_WEAK = YES;
				CLANG_WARN_BLOCK_CAPTURE_AUTORELEASING = YES;
				CLANG_WARN_BOOL_CONVERSION = YES;
				CLANG_WARN_COMMA = YES;
				CLANG_WARN_CONSTANT_CONVERSION = YES;
				CLANG_WARN_DEPRECATED_OBJC_IMPLEMENTATIONS = YES;
				CLANG_WARN_DIRECT_OBJC_ISA_USAGE = YES_ERROR;
				CLANG_WARN_DOCUMENTATION_COMMENTS = YES;
				CLANG_WARN_EMPTY_BODY = YES;
				CLANG_WARN_ENUM_CONVERSION = YES;
				CLANG_WARN_INFINITE_RECURSION = YES;
				CLANG_WARN_INT_CONVERSION = YES;
				CLANG_WARN_NON_LITERAL_NULL_CONVERSION = YES;
				CLANG_WARN_OBJC_IMPLICIT_RETAIN_SELF = YES;
				CLANG_WARN_OBJC_LITERAL_CONVERSION = YES;
				CLANG_WARN_OBJC_ROOT_CLASS = YES_ERROR;
				CLANG_WARN_RANGE_LOOP_ANALYSIS = YES;
				CLANG_WARN_STRICT_PROTOTYPES = YES;
				CLANG_WARN_SUSPICIOUS_MOVE = YES;
				CLANG_WARN_UNGUARDED_AVAILABILITY = YES_AGGRESSIVE;
				CLANG_WARN_UNREACHABLE_CODE = YES;
				CLANG_WARN__DUPLICATE_METHOD_MATCH = YES;
				CODE_SIGN_IDENTITY = "iPhone Developer";
				COPY_PHASE_STRIP = NO;
				DEBUG_INFORMATION_FORMAT = "dwarf-with-dsym";
				ENABLE_NS_ASSERTIONS = NO;
				ENABLE_STRICT_OBJC_MSGSEND = YES;
				GCC_C_LANGUAGE_STANDARD = gnu11;
				GCC_NO_COMMON_BLOCKS = YES;
				GCC_WARN_64_TO_32_BIT_CONVERSION = YES;
				GCC_WARN_ABOUT_RETURN_TYPE = YES_ERROR;
				GCC_WARN_UNDECLARED_SELECTOR = YES;
				GCC_WARN_UNINITIALIZED_AUTOS = YES_AGGRESSIVE;
				GCC_WARN_UNUSED_FUNCTION = YES;
				GCC_WARN_UNUSED_VARIABLE = YES;
				IPHONEOS_DEPLOYMENT_TARGET = 11.3;
				MTL_ENABLE_DEBUG_INFO = NO;
				SDKROOT = iphoneos;
				SWIFT_COMPILATION_MODE = wholemodule;
				SWIFT_OPTIMIZATION_LEVEL = "-O";
				VALIDATE_PRODUCT = YES;
			};
			name = Release;
		};
		6BA9BCF4209370A40027CB10 /* Debug */ = {
			isa = XCBuildConfiguration;
			buildSettings = {
				ASSETCATALOG_COMPILER_APPICON_NAME = AppIcon;
				CODE_SIGN_STYLE = Automatic;
				DEVELOPMENT_TEAM = M95J6R4W33;
				INFOPLIST_FILE = Houseperfect/Info.plist;
				LD_RUNPATH_SEARCH_PATHS = (
					"$(inherited)",
					"@executable_path/Frameworks",
				);
				PRODUCT_BUNDLE_IDENTIFIER = np.com.aashishadhikari.Houseperfect;
				PRODUCT_NAME = "$(TARGET_NAME)";
				SWIFT_VERSION = 4.0;
				TARGETED_DEVICE_FAMILY = "1,2";
			};
			name = Debug;
		};
		6BA9BCF5209370A40027CB10 /* Release */ = {
			isa = XCBuildConfiguration;
			buildSettings = {
				ASSETCATALOG_COMPILER_APPICON_NAME = AppIcon;
				CODE_SIGN_STYLE = Automatic;
				DEVELOPMENT_TEAM = M95J6R4W33;
				INFOPLIST_FILE = Houseperfect/Info.plist;
				LD_RUNPATH_SEARCH_PATHS = (
					"$(inherited)",
					"@executable_path/Frameworks",
				);
				PRODUCT_BUNDLE_IDENTIFIER = np.com.aashishadhikari.Houseperfect;
				PRODUCT_NAME = "$(TARGET_NAME)";
				SWIFT_VERSION = 4.0;
				TARGETED_DEVICE_FAMILY = "1,2";
			};
			name = Release;
		};
		6BA9BCF7209370A40027CB10 /* Debug */ = {
			isa = XCBuildConfiguration;
			buildSettings = {
				ALWAYS_EMBED_SWIFT_STANDARD_LIBRARIES = YES;
				BUNDLE_LOADER = "$(TEST_HOST)";
				CODE_SIGN_STYLE = Automatic;
				DEVELOPMENT_TEAM = M95J6R4W33;
				INFOPLIST_FILE = HouseperfectTests/Info.plist;
				LD_RUNPATH_SEARCH_PATHS = (
					"$(inherited)",
					"@executable_path/Frameworks",
					"@loader_path/Frameworks",
				);
				PRODUCT_BUNDLE_IDENTIFIER = np.com.aashishadhikari.HouseperfectTests;
				PRODUCT_NAME = "$(TARGET_NAME)";
				SWIFT_VERSION = 4.0;
				TARGETED_DEVICE_FAMILY = "1,2";
				TEST_HOST = "$(BUILT_PRODUCTS_DIR)/Houseperfect.app/Houseperfect";
			};
			name = Debug;
		};
		6BA9BCF8209370A40027CB10 /* Release */ = {
			isa = XCBuildConfiguration;
			buildSettings = {
				ALWAYS_EMBED_SWIFT_STANDARD_LIBRARIES = YES;
				BUNDLE_LOADER = "$(TEST_HOST)";
				CODE_SIGN_STYLE = Automatic;
				DEVELOPMENT_TEAM = M95J6R4W33;
				INFOPLIST_FILE = HouseperfectTests/Info.plist;
				LD_RUNPATH_SEARCH_PATHS = (
					"$(inherited)",
					"@executable_path/Frameworks",
					"@loader_path/Frameworks",
				);
				PRODUCT_BUNDLE_IDENTIFIER = np.com.aashishadhikari.HouseperfectTests;
				PRODUCT_NAME = "$(TARGET_NAME)";
				SWIFT_VERSION = 4.0;
				TARGETED_DEVICE_FAMILY = "1,2";
				TEST_HOST = "$(BUILT_PRODUCTS_DIR)/Houseperfect.app/Houseperfect";
			};
			name = Release;
		};
		6BA9BCFA209370A40027CB10 /* Debug */ = {
			isa = XCBuildConfiguration;
			buildSettings = {
				ALWAYS_EMBED_SWIFT_STANDARD_LIBRARIES = YES;
				CODE_SIGN_STYLE = Automatic;
				DEVELOPMENT_TEAM = M95J6R4W33;
				INFOPLIST_FILE = HouseperfectUITests/Info.plist;
				LD_RUNPATH_SEARCH_PATHS = (
					"$(inherited)",
					"@executable_path/Frameworks",
					"@loader_path/Frameworks",
				);
				PRODUCT_BUNDLE_IDENTIFIER = np.com.aashishadhikari.HouseperfectUITests;
				PRODUCT_NAME = "$(TARGET_NAME)";
				SWIFT_VERSION = 4.0;
				TARGETED_DEVICE_FAMILY = "1,2";
				TEST_TARGET_NAME = Houseperfect;
			};
			name = Debug;
		};
		6BA9BCFB209370A40027CB10 /* Release */ = {
			isa = XCBuildConfiguration;
			buildSettings = {
				ALWAYS_EMBED_SWIFT_STANDARD_LIBRARIES = YES;
				CODE_SIGN_STYLE = Automatic;
				DEVELOPMENT_TEAM = M95J6R4W33;
				INFOPLIST_FILE = HouseperfectUITests/Info.plist;
				LD_RUNPATH_SEARCH_PATHS = (
					"$(inherited)",
					"@executable_path/Frameworks",
					"@loader_path/Frameworks",
				);
				PRODUCT_BUNDLE_IDENTIFIER = np.com.aashishadhikari.HouseperfectUITests;
				PRODUCT_NAME = "$(TARGET_NAME)";
				SWIFT_VERSION = 4.0;
				TARGETED_DEVICE_FAMILY = "1,2";
				TEST_TARGET_NAME = Houseperfect;
			};
			name = Release;
		};
/* End XCBuildConfiguration section */

/* Begin XCConfigurationList section */
		6BA9BCC3209370A20027CB10 /* Build configuration list for PBXProject "Houseperfect" */ = {
			isa = XCConfigurationList;
			buildConfigurations = (
				6BA9BCF1209370A40027CB10 /* Debug */,
				6BA9BCF2209370A40027CB10 /* Release */,
			);
			defaultConfigurationIsVisible = 0;
			defaultConfigurationName = Release;
		};
		6BA9BCF3209370A40027CB10 /* Build configuration list for PBXNativeTarget "Houseperfect" */ = {
			isa = XCConfigurationList;
			buildConfigurations = (
				6BA9BCF4209370A40027CB10 /* Debug */,
				6BA9BCF5209370A40027CB10 /* Release */,
			);
			defaultConfigurationIsVisible = 0;
			defaultConfigurationName = Release;
		};
		6BA9BCF6209370A40027CB10 /* Build configuration list for PBXNativeTarget "HouseperfectTests" */ = {
			isa = XCConfigurationList;
			buildConfigurations = (
				6BA9BCF7209370A40027CB10 /* Debug */,
				6BA9BCF8209370A40027CB10 /* Release */,
			);
			defaultConfigurationIsVisible = 0;
			defaultConfigurationName = Release;
		};
		6BA9BCF9209370A40027CB10 /* Build configuration list for PBXNativeTarget "HouseperfectUITests" */ = {
			isa = XCConfigurationList;
			buildConfigurations = (
				6BA9BCFA209370A40027CB10 /* Debug */,
				6BA9BCFB209370A40027CB10 /* Release */,
			);
			defaultConfigurationIsVisible = 0;
			defaultConfigurationName = Release;
		};
/* End XCConfigurationList section */

/* Begin XCVersionGroup section */
		6BA9BCD2209370A20027CB10 /* Houseperfect.xcdatamodeld */ = {
			isa = XCVersionGroup;
			children = (
				6BA9BCD3209370A20027CB10 /* Houseperfect.xcdatamodel */,
			);
			currentVersion = 6BA9BCD3209370A20027CB10 /* Houseperfect.xcdatamodel */;
			path = Houseperfect.xcdatamodeld;
			sourceTree = "<group>";
			versionGroupType = wrapper.xcdatamodel;
		};
/* End XCVersionGroup section */
	};
	rootObject = 6BA9BCC0209370A20027CB10 /* Project object */;
}
